// !$*UTF8*$!
{
	archiveVersion = 1;
	classes = {
	};
	objectVersion = 46;
	objects = {

/* Begin PBXBuildFile section */
		16A991B4FA056E784574EF96 /* QuartzCore.framework */ = {isa = PBXBuildFile; fileRef = 851D11B080C6E2C4F7C6CF96; };
		470DFD4A32311925484B0523 /* Security.framework */ = {isa = PBXBuildFile; fileRef = 8D11D3479EC03A14C791FA6A; };
		52FEB7EC2180349424E9B880 /* Cocoa.framework */ = {isa = PBXBuildFile; fileRef = 72D49AB029C1FBCF1275C68D; };
		666F886C0D1BD44B0D2A0B90 /* RecentFilesMenuTemplate.nib */ = {isa = PBXBuildFile; fileRef = 06494038514CCA46BC682D00; };
		68A9E08D1FF43A68D488A680 /* include_juce_events.mm */ = {isa = PBXBuildFile; fileRef = 1C444E703691FE870E5B12B5; };
		776E2A595F87FA523FD243F3 /* include_juce_data_structures.mm */ = {isa = PBXBuildFile; fileRef = 0DE9C9B456104B4DFA19F39F; };
		7AE70955E0B4E95C4A9E4857 /* include_juce_graphics.mm */ = {isa = PBXBuildFile; fileRef = 596227B1DE7D6238EE219BDD; };
		833D84F52D7E90B2BE38FC47 /* include_juce_core.mm */ = {isa = PBXBuildFile; fileRef = EA20ED62D1A79FBEE66DBA35; };
		9E9F64A76D36F87BF3CD8CE2 /* Main.cpp */ = {isa = PBXBuildFile; fileRef = A5E7D212ACC27817220AD6CE; };
		9F9BC58C50D8E5B2EBA5EAC8 /* App */ = {isa = PBXBuildFile; fileRef = AF899FB824FEEA8DD9FA0214; };
		C2E9022DDA7D064978C32F12 /* Foundation.framework */ = {isa = PBXBuildFile; fileRef = C19606D5654F3B31BD460B16; };
		D0F964649234FCA79C60BC42 /* Metal.framework */ = {isa = PBXBuildFile; fileRef = D39C8C7916316866E7BDFF8B; settings = { ATTRIBUTES = (Weak, ); }; };
		E24B8A6D89534C9D84851EBB /* IOKit.framework */ = {isa = PBXBuildFile; fileRef = AA8618BCB0D0F9E8D4245AFA; };
		EECC8396710DE59278C3F22A /* MetalKit.framework */ = {isa = PBXBuildFile; fileRef = 45964F068DA9EEFB3353FB85; settings = { ATTRIBUTES = (Weak, ); }; };
		F01A4D2D9656C505066F3F34 /* include_juce_gui_basics.mm */ = {isa = PBXBuildFile; fileRef = 94C49ABA2C766F58E3B1FF07; };
/* End PBXBuildFile section */

/* Begin PBXFileReference section */
		06494038514CCA46BC682D00 /* RecentFilesMenuTemplate.nib */ /* RecentFilesMenuTemplate.nib */ = {isa = PBXFileReference; lastKnownFileType = file.nib; name = RecentFilesMenuTemplate.nib; path = RecentFilesMenuTemplate.nib; sourceTree = SOURCE_ROOT; };
		0DE9C9B456104B4DFA19F39F /* include_juce_data_structures.mm */ /* include_juce_data_structures.mm */ = {isa = PBXFileReference; lastKnownFileType = sourcecode.cpp.objcpp; name = include_juce_data_structures.mm; path = ../../JuceLibraryCode/include_juce_data_structures.mm; sourceTree = SOURCE_ROOT; };
		1C444E703691FE870E5B12B5 /* include_juce_events.mm */ /* include_juce_events.mm */ = {isa = PBXFileReference; lastKnownFileType = sourcecode.cpp.objcpp; name = include_juce_events.mm; path = ../../JuceLibraryCode/include_juce_events.mm; sourceTree = SOURCE_ROOT; };
		3E10E6C749860A24D51AAE6A /* juce_graphics */ /* juce_graphics */ = {isa = PBXFileReference; lastKnownFileType = folder; name = juce_graphics; path = "~/JUCE/modules/juce_graphics"; sourceTree = "<absolute>"; };
		45964F068DA9EEFB3353FB85 /* MetalKit.framework */ /* MetalKit.framework */ = {isa = PBXFileReference; lastKnownFileType = wrapper.framework; name = MetalKit.framework; path = System/Library/Frameworks/MetalKit.framework; sourceTree = SDKROOT; };
		49577665939096AD42672750 /* JuceHeader.h */ /* JuceHeader.h */ = {isa = PBXFileReference; lastKnownFileType = sourcecode.c.h; name = JuceHeader.h; path = ../../JuceLibraryCode/JuceHeader.h; sourceTree = SOURCE_ROOT; };
		596227B1DE7D6238EE219BDD /* include_juce_graphics.mm */ /* include_juce_graphics.mm */ = {isa = PBXFileReference; lastKnownFileType = sourcecode.cpp.objcpp; name = include_juce_graphics.mm; path = ../../JuceLibraryCode/include_juce_graphics.mm; sourceTree = SOURCE_ROOT; };
		72D49AB029C1FBCF1275C68D /* Cocoa.framework */ /* Cocoa.framework */ = {isa = PBXFileReference; lastKnownFileType = wrapper.framework; name = Cocoa.framework; path = System/Library/Frameworks/Cocoa.framework; sourceTree = SDKROOT; };
		7393EB845EA560192D688A1B /* juce_core */ /* juce_core */ = {isa = PBXFileReference; lastKnownFileType = folder; name = juce_core; path = "~/JUCE/modules/juce_core"; sourceTree = "<absolute>"; };
		851D11B080C6E2C4F7C6CF96 /* QuartzCore.framework */ /* QuartzCore.framework */ = {isa = PBXFileReference; lastKnownFileType = wrapper.framework; name = QuartzCore.framework; path = System/Library/Frameworks/QuartzCore.framework; sourceTree = SDKROOT; };
		8A745F14570713250686AD5E /* juce_data_structures */ /* juce_data_structures */ = {isa = PBXFileReference; lastKnownFileType = folder; name = juce_data_structures; path = "~/JUCE/modules/juce_data_structures"; sourceTree = "<absolute>"; };
		8D11D3479EC03A14C791FA6A /* Security.framework */ /* Security.framework */ = {isa = PBXFileReference; lastKnownFileType = wrapper.framework; name = Security.framework; path = System/Library/Frameworks/Security.framework; sourceTree = SDKROOT; };
		94C49ABA2C766F58E3B1FF07 /* include_juce_gui_basics.mm */ /* include_juce_gui_basics.mm */ = {isa = PBXFileReference; lastKnownFileType = sourcecode.cpp.objcpp; name = include_juce_gui_basics.mm; path = ../../JuceLibraryCode/include_juce_gui_basics.mm; sourceTree = SOURCE_ROOT; };
		A5E7D212ACC27817220AD6CE /* Main.cpp */ /* Main.cpp */ = {isa = PBXFileReference; lastKnownFileType = sourcecode.cpp.cpp; name = Main.cpp; path = ../../Source/Main.cpp; sourceTree = SOURCE_ROOT; };
		AA8618BCB0D0F9E8D4245AFA /* IOKit.framework */ /* IOKit.framework */ = {isa = PBXFileReference; lastKnownFileType = wrapper.framework; name = IOKit.framework; path = System/Library/Frameworks/IOKit.framework; sourceTree = SDKROOT; };
		AC3FA60B905ED9FDF450166B /* juce_events */ /* juce_events */ = {isa = PBXFileReference; lastKnownFileType = folder; name = juce_events; path = "~/JUCE/modules/juce_events"; sourceTree = "<absolute>"; };
		AF899FB824FEEA8DD9FA0214 /* App */ = {isa = PBXFileReference; explicitFileType = wrapper.application; includeInIndex = 0; path = MainApplicationWindow.app; sourceTree = BUILT_PRODUCTS_DIR; };
		C19606D5654F3B31BD460B16 /* Foundation.framework */ /* Foundation.framework */ = {isa = PBXFileReference; lastKnownFileType = wrapper.framework; name = Foundation.framework; path = System/Library/Frameworks/Foundation.framework; sourceTree = SDKROOT; };
		CBAB7FE486A80035AABE8016 /* juce_gui_basics */ /* juce_gui_basics */ = {isa = PBXFileReference; lastKnownFileType = folder; name = juce_gui_basics; path = "~/JUCE/modules/juce_gui_basics"; sourceTree = "<absolute>"; };
		D39C8C7916316866E7BDFF8B /* Metal.framework */ /* Metal.framework */ = {isa = PBXFileReference; lastKnownFileType = wrapper.framework; name = Metal.framework; path = System/Library/Frameworks/Metal.framework; sourceTree = SDKROOT; };
		EA20ED62D1A79FBEE66DBA35 /* include_juce_core.mm */ /* include_juce_core.mm */ = {isa = PBXFileReference; lastKnownFileType = sourcecode.cpp.objcpp; name = include_juce_core.mm; path = ../../JuceLibraryCode/include_juce_core.mm; sourceTree = SOURCE_ROOT; };
		FC5C8A3CE3D9A8A01563AB15 /* Info-App.plist */ /* Info-App.plist */ = {isa = PBXFileReference; lastKnownFileType = text.plist.xml; name = "Info-App.plist"; path = "Info-App.plist"; sourceTree = SOURCE_ROOT; };
/* End PBXFileReference section */

/* Begin PBXFrameworksBuildPhase section */
		0E17726C388F3DC22EC5A729 = {
			isa = PBXFrameworksBuildPhase;
			buildActionMask = 2147483647;
			files = (
				52FEB7EC2180349424E9B880,
				C2E9022DDA7D064978C32F12,
				E24B8A6D89534C9D84851EBB,
				16A991B4FA056E784574EF96,
				470DFD4A32311925484B0523,
				D0F964649234FCA79C60BC42,
				EECC8396710DE59278C3F22A,
			);
			runOnlyForDeploymentPostprocessing = 0;
		};
/* End PBXFrameworksBuildPhase section */

/* Begin PBXGroup section */
		1804F9D490B9CE2B945FFDE0 /* Source */ = {
			isa = PBXGroup;
			children = (
				A5E7D212ACC27817220AD6CE,
			);
			name = Source;
			sourceTree = "<group>";
		};
		43942FBB09F40A086BB56298 /* Products */ = {
			isa = PBXGroup;
			children = (
				AF899FB824FEEA8DD9FA0214,
			);
			name = Products;
			sourceTree = "<group>";
		};
		5655A5B9E771435CDC2D1928 /* Source */ = {
			isa = PBXGroup;
			children = (
				D29F41E23ED88F8D048F363D,
				F92C08723576725054799625,
				BE0A7BC28DF3C068694C8698,
				77146449021C8DAD378FC359,
				6E38CC6993D14373BB10A8DE,
				43942FBB09F40A086BB56298,
			);
			name = Source;
			sourceTree = "<group>";
		};
		6E38CC6993D14373BB10A8DE /* Frameworks */ = {
			isa = PBXGroup;
			children = (
				72D49AB029C1FBCF1275C68D,
				C19606D5654F3B31BD460B16,
				AA8618BCB0D0F9E8D4245AFA,
				851D11B080C6E2C4F7C6CF96,
				8D11D3479EC03A14C791FA6A,
				D39C8C7916316866E7BDFF8B,
				45964F068DA9EEFB3353FB85,
			);
			name = Frameworks;
			sourceTree = "<group>";
		};
		77146449021C8DAD378FC359 /* Resources */ = {
			isa = PBXGroup;
			children = (
				FC5C8A3CE3D9A8A01563AB15,
				06494038514CCA46BC682D00,
			);
			name = Resources;
			sourceTree = "<group>";
		};
		BE0A7BC28DF3C068694C8698 /* JUCE Library Code */ = {
			isa = PBXGroup;
			children = (
				EA20ED62D1A79FBEE66DBA35,
				0DE9C9B456104B4DFA19F39F,
				1C444E703691FE870E5B12B5,
				596227B1DE7D6238EE219BDD,
				94C49ABA2C766F58E3B1FF07,
				49577665939096AD42672750,
			);
			name = "JUCE Library Code";
			sourceTree = "<group>";
		};
		D29F41E23ED88F8D048F363D /* MainApplicationWindow */ = {
			isa = PBXGroup;
			children = (
				1804F9D490B9CE2B945FFDE0,
			);
			name = MainApplicationWindow;
			sourceTree = "<group>";
		};
		F92C08723576725054799625 /* JUCE Modules */ = {
			isa = PBXGroup;
			children = (
				7393EB845EA560192D688A1B,
				8A745F14570713250686AD5E,
				AC3FA60B905ED9FDF450166B,
				3E10E6C749860A24D51AAE6A,
				CBAB7FE486A80035AABE8016,
			);
			name = "JUCE Modules";
			sourceTree = "<group>";
		};
/* End PBXGroup section */

/* Begin PBXNativeTarget section */
		EFE6A588AE63E9369A883FE0 /* MainApplicationWindow - App */ = {
			isa = PBXNativeTarget;
			buildConfigurationList = 2994AFBC94325EAB89379BDA;
			buildPhases = (
				93C32AB4C8F0B90892CE0B76,
				9D9250F71FF612C22B28E333,
				0E17726C388F3DC22EC5A729,
			);
			buildRules = (
			);
			dependencies = (
			);
			name = "MainApplicationWindow - App";
			productName = MainApplicationWindow;
			productReference = AF899FB824FEEA8DD9FA0214;
			productType = "com.apple.product-type.application";
		};
/* End PBXNativeTarget section */

/* Begin PBXProject section */
		370639FC2657B2D7CBB812BE = {
			isa = PBXProject;
			attributes = {
				BuildIndependentTargetsInParallel = YES;
				LastUpgradeCheck = 1340;
				ORGANIZATIONNAME = "";
				TargetAttributes = {
					EFE6A588AE63E9369A883FE0 = {
						SystemCapabilities = {
							com.apple.ApplicationGroups.iOS = {
								enabled = 0;
							};
							com.apple.HardenedRuntime = {
								enabled = 0;
							};
							com.apple.InAppPurchase = {
								enabled = 0;
							};
							com.apple.InterAppAudio = {
								enabled = 0;
							};
							com.apple.Push = {
								enabled = 0;
							};
							com.apple.Sandbox = {
								enabled = 0;
							};
						};
					};
				};
			};
			buildConfigurationList = 9F51D0E3B80F06E80A2C26EC;
			compatibilityVersion = "Xcode 3.2";
			hasScannedForEncodings = 0;
			knownRegions = (
				en,
				Base,
			);
			mainGroup = 5655A5B9E771435CDC2D1928;
			projectDirPath = "";
			projectRoot = "";
			targets = (
				EFE6A588AE63E9369A883FE0,
			);
		};
/* End PBXProject section */

/* Begin PBXResourcesBuildPhase section */
		93C32AB4C8F0B90892CE0B76 = {
			isa = PBXResourcesBuildPhase;
			buildActionMask = 2147483647;
			files = (
				666F886C0D1BD44B0D2A0B90,
			);
			runOnlyForDeploymentPostprocessing = 0;
		};
/* End PBXResourcesBuildPhase section */

/* Begin PBXSourcesBuildPhase section */
		9D9250F71FF612C22B28E333 = {
			isa = PBXSourcesBuildPhase;
			buildActionMask = 2147483647;
			files = (
				9E9F64A76D36F87BF3CD8CE2,
				833D84F52D7E90B2BE38FC47,
				776E2A595F87FA523FD243F3,
				68A9E08D1FF43A68D488A680,
				7AE70955E0B4E95C4A9E4857,
				F01A4D2D9656C505066F3F34,
			);
			runOnlyForDeploymentPostprocessing = 0;
		};
/* End PBXSourcesBuildPhase section */

/* Begin XCBuildConfiguration section */
		17E585768B352C953095089D /* Release */ = {
			isa = XCBuildConfiguration;
			buildSettings = {
				ALWAYS_SEARCH_USER_PATHS = NO;
				CLANG_ENABLE_OBJC_WEAK = YES;
				CLANG_WARN_BLOCK_CAPTURE_AUTORELEASING = YES;
				CLANG_WARN_BOOL_CONVERSION = YES;
				CLANG_WARN_COMMA = YES;
				CLANG_WARN_CONSTANT_CONVERSION = YES;
				CLANG_WARN_DEPRECATED_OBJC_IMPLEMENTATIONS = YES;
				CLANG_WARN_EMPTY_BODY = YES;
				CLANG_WARN_ENUM_CONVERSION = YES;
				CLANG_WARN_INFINITE_RECURSION = YES;
				CLANG_WARN_INT_CONVERSION = YES;
				CLANG_WARN_NON_LITERAL_NULL_CONVERSION = YES;
				CLANG_WARN_OBJC_IMPLICIT_RETAIN_SELF = YES;
				CLANG_WARN_OBJC_LITERAL_CONVERSION = YES;
				CLANG_WARN_RANGE_LOOP_ANALYSIS = YES;
				CLANG_WARN_STRICT_PROTOTYPES = YES;
				CLANG_WARN_SUSPICIOUS_MOVE = YES;
				CLANG_WARN_UNREACHABLE_CODE = YES;
				CLANG_WARN__DUPLICATE_METHOD_MATCH = YES;
				DEBUG_INFORMATION_FORMAT = dwarf;
				ENABLE_STRICT_OBJC_MSGSEND = YES;
				ENABLE_TESTABILITY = NO;
				GCC_C_LANGUAGE_STANDARD = c11;
				GCC_INLINES_ARE_PRIVATE_EXTERN = YES;
				GCC_MODEL_TUNING = G5;
				GCC_NO_COMMON_BLOCKS = YES;
				GCC_SYMBOLS_PRIVATE_EXTERN = YES;
				GCC_WARN_64_TO_32_BIT_CONVERSION = YES;
				GCC_WARN_ABOUT_RETURN_TYPE = YES;
				GCC_WARN_CHECK_SWITCH_STATEMENTS = YES;
				GCC_WARN_MISSING_PARENTHESES = YES;
				GCC_WARN_NON_VIRTUAL_DESTRUCTOR = YES;
				GCC_WARN_TYPECHECK_CALLS_TO_PRINTF = YES;
				GCC_WARN_UNDECLARED_SELECTOR = YES;
				GCC_WARN_UNINITIALIZED_AUTOS = YES;
				GCC_WARN_UNUSED_FUNCTION = YES;
				GCC_WARN_UNUSED_VARIABLE = YES;
				OTHER_CODE_SIGN_FLAGS = --timestamp;
				PRODUCT_NAME = "MainApplicationWindow";
				SDKROOT = macosx;
				WARNING_CFLAGS = "-Wreorder";
				ZERO_LINK = NO;
			};
			name = Release;
		};
		19C6A3B154FE73F7DDFF9D96 /* Release */ = {
			isa = XCBuildConfiguration;
			buildSettings = {
				CLANG_CXX_LANGUAGE_STANDARD = "c++17";
				CLANG_CXX_LIBRARY = "libc++";
				CLANG_LINK_OBJC_RUNTIME = NO;
				COMBINE_HIDPI_IMAGES = YES;
				CONFIGURATION_BUILD_DIR = "$(PROJECT_DIR)/build/$(CONFIGURATION)";
				DEAD_CODE_STRIPPING = YES;
				EXCLUDED_ARCHS = "";
				GCC_GENERATE_DEBUGGING_SYMBOLS = NO;
				GCC_OPTIMIZATION_LEVEL = 3;
				GCC_PREPROCESSOR_DEFINITIONS = (
					"_NDEBUG=1",
					"NDEBUG=1",
					"JUCE_DISPLAY_SPLASH_SCREEN=1",
					"JUCE_USE_DARK_SPLASH_SCREEN=1",
					"JUCE_PROJUCER_VERSION=0x7000c",
					"JUCE_MODULE_AVAILABLE_juce_core=1",
					"JUCE_MODULE_AVAILABLE_juce_data_structures=1",
					"JUCE_MODULE_AVAILABLE_juce_events=1",
					"JUCE_MODULE_AVAILABLE_juce_graphics=1",
					"JUCE_MODULE_AVAILABLE_juce_gui_basics=1",
					"JUCE_GLOBAL_MODULE_SETTINGS_INCLUDED=1",
					"JUCE_STRICT_REFCOUNTEDPOINTER=1",
					"JUCE_STANDALONE_APPLICATION=1",
					"JUCER_XCODE_MAC_F6D2F4CF=1",
					"JUCE_APP_VERSION=1.0.0",
					"JUCE_APP_VERSION_HEX=0x10000",
					"JucePlugin_Build_VST=0",
					"JucePlugin_Build_VST3=0",
					"JucePlugin_Build_AU=0",
					"JucePlugin_Build_AUv3=0",
					"JucePlugin_Build_AAX=0",
					"JucePlugin_Build_Standalone=0",
					"JucePlugin_Build_Unity=0",
					"JucePlugin_Build_LV2=0",
				);
				GCC_VERSION = com.apple.compilers.llvm.clang.1_0;
				HEADER_SEARCH_PATHS = (
					"$(SRCROOT)/../../JuceLibraryCode",
					"$(HOME)/JUCE/modules",
					"$(inherited)",
				);
				INFOPLIST_FILE = Info-App.plist;
				INFOPLIST_PREPROCESS = NO;
				INSTALL_PATH = "$(HOME)/Applications";
				LLVM_LTO = YES;
				MACOSX_DEPLOYMENT_TARGET = 10.13;
				MTL_HEADER_SEARCH_PATHS = "$(SRCROOT)/../../JuceLibraryCode $(HOME)/JUCE/modules";
				PRODUCT_BUNDLE_IDENTIFIER = com.yourcompany.MainApplicationWindow;
				PRODUCT_NAME = "MainApplicationWindow";
				USE_HEADERMAP = NO;
				VALID_ARCHS = "i386 x86_64 arm64 arm64e";
			};
			name = Release;
		};
		A4A630DA30A1C18AFE960131 /* Debug */ = {
			isa = XCBuildConfiguration;
			buildSettings = {
				ALWAYS_SEARCH_USER_PATHS = NO;
				CLANG_ENABLE_OBJC_WEAK = YES;
				CLANG_WARN_BLOCK_CAPTURE_AUTORELEASING = YES;
				CLANG_WARN_BOOL_CONVERSION = YES;
				CLANG_WARN_COMMA = YES;
				CLANG_WARN_CONSTANT_CONVERSION = YES;
				CLANG_WARN_DEPRECATED_OBJC_IMPLEMENTATIONS = YES;
				CLANG_WARN_EMPTY_BODY = YES;
				CLANG_WARN_ENUM_CONVERSION = YES;
				CLANG_WARN_INFINITE_RECURSION = YES;
				CLANG_WARN_INT_CONVERSION = YES;
				CLANG_WARN_NON_LITERAL_NULL_CONVERSION = YES;
				CLANG_WARN_OBJC_IMPLICIT_RETAIN_SELF = YES;
				CLANG_WARN_OBJC_LITERAL_CONVERSION = YES;
				CLANG_WARN_RANGE_LOOP_ANALYSIS = YES;
				CLANG_WARN_STRICT_PROTOTYPES = YES;
				CLANG_WARN_SUSPICIOUS_MOVE = YES;
				CLANG_WARN_UNREACHABLE_CODE = YES;
				CLANG_WARN__DUPLICATE_METHOD_MATCH = YES;
				DEBUG_INFORMATION_FORMAT = dwarf;
				ENABLE_STRICT_OBJC_MSGSEND = YES;
				ENABLE_TESTABILITY = NO;
				GCC_C_LANGUAGE_STANDARD = c11;
				GCC_INLINES_ARE_PRIVATE_EXTERN = YES;
				GCC_MODEL_TUNING = G5;
				GCC_NO_COMMON_BLOCKS = YES;
				GCC_SYMBOLS_PRIVATE_EXTERN = YES;
				GCC_WARN_64_TO_32_BIT_CONVERSION = YES;
				GCC_WARN_ABOUT_RETURN_TYPE = YES;
				GCC_WARN_CHECK_SWITCH_STATEMENTS = YES;
				GCC_WARN_MISSING_PARENTHESES = YES;
				GCC_WARN_NON_VIRTUAL_DESTRUCTOR = YES;
				GCC_WARN_TYPECHECK_CALLS_TO_PRINTF = YES;
				GCC_WARN_UNDECLARED_SELECTOR = YES;
				GCC_WARN_UNINITIALIZED_AUTOS = YES;
				GCC_WARN_UNUSED_FUNCTION = YES;
				GCC_WARN_UNUSED_VARIABLE = YES;
				ONLY_ACTIVE_ARCH = YES;
				OTHER_CODE_SIGN_FLAGS = --timestamp;
				PRODUCT_NAME = "MainApplicationWindow";
				SDKROOT = macosx;
				WARNING_CFLAGS = "-Wreorder";
				ZERO_LINK = NO;
			};
			name = Debug;
		};
		E9F95D394656EE5EF5AE2791 /* Debug */ = {
			isa = XCBuildConfiguration;
			buildSettings = {
				CLANG_CXX_LANGUAGE_STANDARD = "c++17";
				CLANG_CXX_LIBRARY = "libc++";
				CLANG_LINK_OBJC_RUNTIME = NO;
				COMBINE_HIDPI_IMAGES = YES;
				CONFIGURATION_BUILD_DIR = "$(PROJECT_DIR)/build/$(CONFIGURATION)";
				COPY_PHASE_STRIP = NO;
				EXCLUDED_ARCHS = "";
				GCC_DYNAMIC_NO_PIC = NO;
				GCC_OPTIMIZATION_LEVEL = 0;
				GCC_PREPROCESSOR_DEFINITIONS = (
					"_DEBUG=1",
					"DEBUG=1",
					"JUCE_DISPLAY_SPLASH_SCREEN=1",
					"JUCE_USE_DARK_SPLASH_SCREEN=1",
					"JUCE_PROJUCER_VERSION=0x7000c",
					"JUCE_MODULE_AVAILABLE_juce_core=1",
					"JUCE_MODULE_AVAILABLE_juce_data_structures=1",
					"JUCE_MODULE_AVAILABLE_juce_events=1",
					"JUCE_MODULE_AVAILABLE_juce_graphics=1",
					"JUCE_MODULE_AVAILABLE_juce_gui_basics=1",
					"JUCE_GLOBAL_MODULE_SETTINGS_INCLUDED=1",
					"JUCE_STRICT_REFCOUNTEDPOINTER=1",
					"JUCE_STANDALONE_APPLICATION=1",
					"JUCER_XCODE_MAC_F6D2F4CF=1",
					"JUCE_APP_VERSION=1.0.0",
					"JUCE_APP_VERSION_HEX=0x10000",
					"JucePlugin_Build_VST=0",
					"JucePlugin_Build_VST3=0",
					"JucePlugin_Build_AU=0",
					"JucePlugin_Build_AUv3=0",
					"JucePlugin_Build_AAX=0",
					"JucePlugin_Build_Standalone=0",
					"JucePlugin_Build_Unity=0",
					"JucePlugin_Build_LV2=0",
				);
				GCC_VERSION = com.apple.compilers.llvm.clang.1_0;
				HEADER_SEARCH_PATHS = (
					"$(SRCROOT)/../../JuceLibraryCode",
					"$(HOME)/JUCE/modules",
					"$(inherited)",
				);
				INFOPLIST_FILE = Info-App.plist;
				INFOPLIST_PREPROCESS = NO;
				INSTALL_PATH = "$(HOME)/Applications";
				MACOSX_DEPLOYMENT_TARGET = 10.13;
				MTL_HEADER_SEARCH_PATHS = "$(SRCROOT)/../../JuceLibraryCode $(HOME)/JUCE/modules";
				PRODUCT_BUNDLE_IDENTIFIER = com.yourcompany.MainApplicationWindow;
				PRODUCT_NAME = "MainApplicationWindow";
				USE_HEADERMAP = NO;
				VALID_ARCHS = "i386 x86_64 arm64 arm64e";
			};
			name = Debug;
		};
/* End XCBuildConfiguration section */

/* Begin XCConfigurationList section */
		2994AFBC94325EAB89379BDA = {
			isa = XCConfigurationList;
			buildConfigurations = (
				E9F95D394656EE5EF5AE2791,
				19C6A3B154FE73F7DDFF9D96,
			);
			defaultConfigurationIsVisible = 0;
			defaultConfigurationName = Debug;
		};
		9F51D0E3B80F06E80A2C26EC = {
			isa = XCConfigurationList;
			buildConfigurations = (
				17E585768B352C953095089D,
				A4A630DA30A1C18AFE960131,
			);
			defaultConfigurationIsVisible = 0;
			defaultConfigurationName = Debug;
		};
/* End XCConfigurationList section */
	};
	rootObject = 370639FC2657B2D7CBB812BE /* Project object */;
}
